
Microsoft Visual Studio Solution File, Format Version 12.00
# Visual Studio Version 17
VisualStudioVersion = 17.5.33516.290
MinimumVisualStudioVersion = 10.0.40219.1
Project("{8BC9CEB8-8B4A-11D0-8D11-00A0C91BC942}") = "STA2WidescreenPatch-XP", "STA2WidescreenPatch-XP.vcxproj", "{332A3CB5-AD91-44E7-96A6-AAA3CBA62E5F}"
EndProject
Global
	GlobalSection(SolutionConfigurationPlatforms) = preSolution
		Debug|x86 = Debug|x86
		Release|x86 = Release|x86
	EndGlobalSection
	GlobalSection(ProjectConfigurationPlatforms) = postSolution
		{332A3CB5-AD91-44E7-96A6-AAA3CBA62E5F}.Debug|x86.ActiveCfg = Debug|Win32
		{332A3CB5-AD91-44E7-96A6-AAA3CBA62E5F}.Debug|x86.Build.0 = Debug|Win32
		{332A3CB5-AD91-44E7-96A6-AAA3CBA62E5F}.Release|x86.ActiveCfg = Release|Win32
		{332A3CB5-AD91-44E7-96A6-AAA3CBA62E5F}.Release|x86.Build.0 = Release|Win32
	EndGlobalSection
	GlobalSection(SolutionProperties) = preSolution
		HideSolutionNode = FALSE
	EndGlobalSection
	GlobalSection(ExtensibilityGlobals) = postSolution
		SolutionGuid = {D3A3056E-DA87-45AE-8E1B-55948ABF2FFA}
	EndGlobalSection
EndGlobal
